
Microsoft Visual Studio Solution File, Format Version 12.00
# Visual Studio Version 17
VisualStudioVersion = 17.6.33815.320
MinimumVisualStudioVersion = 10.0.40219.1
Project("{FAE04EC0-301F-11D3-BF4B-00C04F79EFBC}") = "Casteos_udy", "Casteos_udy\Casteos_udy.csproj", "{67021420-DAB3-4F1E-B81F-FEE4412257DB}"
EndProject
Global
	GlobalSection(SolutionConfigurationPlatforms) = preSolution
		Debug|Any CPU = Debug|Any CPU
		Release|Any CPU = Release|Any CPU
	EndGlobalSection
	GlobalSection(ProjectConfigurationPlatforms) = postSolution
		{67021420-DAB3-4F1E-B81F-FEE4412257DB}.Debug|Any CPU.ActiveCfg = Debug|Any CPU
		{67021420-DAB3-4F1E-B81F-FEE4412257DB}.Debug|Any CPU.Build.0 = Debug|Any CPU
		{67021420-DAB3-4F1E-B81F-FEE4412257DB}.Release|Any CPU.ActiveCfg = Release|Any CPU
		{67021420-DAB3-4F1E-B81F-FEE4412257DB}.Release|Any CPU.Build.0 = Release|Any CPU
	EndGlobalSection
	GlobalSection(SolutionProperties) = preSolution
		HideSolutionNode = FALSE
	EndGlobalSection
	GlobalSection(ExtensibilityGlobals) = postSolution
		SolutionGuid = {EF7E90B0-DC46-491C-A895-4D02BE5D7000}
	EndGlobalSection
EndGlobal
